Microsoft Visual Studio Solution File, Format Version 12.00
# Visual Studio Version 16
VisualStudioVersion = 16.0.29519.87
MinimumVisualStudioVersion = 10.0.40219.1
Project("{9A19103F-16F7-4668-BE54-9A1E7A4F7556}") = "Eto.CodeEditor", "Eto.CodeEditor\Eto.CodeEditor.csproj", "{9AC91936-41E2-4481-980E-80FF089FEB8A}"
EndProject
Project("{FAE04EC0-301F-11D3-BF4B-00C04F79EFBC}") = "Eto.CodeEditor.XamMac2", "Eto.CodeEditor.XamMac\Eto.CodeEditor.XamMac2.csproj", "{160DE3A8-EDD5-4256-9433-87DAEC4CF259}"
EndProject
Project("{FAE04EC0-301F-11D3-BF4B-00C04F79EFBC}") = "Eto.CodeEditor.Wpf", "Eto.CodeEditor.Wpf\Eto.CodeEditor.Wpf.csproj", "{835EF387-1702-49FF-B1B1-41C3D0CDF8B9}"
EndProject
Project("{2150E333-8FDC-42A3-9474-1A3956D46DE8}") = "CodeEditor", "CodeEditor", "{646F64B2-57A5-4096-854F-F83D981AF1E8}"
EndProject
Project("{9A19103F-16F7-4668-BE54-9A1E7A4F7556}") = "Eto.CodeEditor.TestAppWin", "..\test\Eto.CodeEditor.TestAppWin\Eto.CodeEditor.TestAppWin.csproj", "{2BF83FDA-9BFF-4A1E-8C58-1EAC435DEED6}"
EndProject
Project("{FAE04EC0-301F-11D3-BF4B-00C04F79EFBC}") = "Scintilla.XamMac2", "Scintilla.XamMac2\Scintilla.XamMac2.csproj", "{810B1BCD-8E09-4F69-8726-B6ED91E243E7}"
EndProject
Project("{FAE04EC0-301F-11D3-BF4B-00C04F79EFBC}") = "Eto.CodeEditor.TestAppMac", "..\test\Eto.CodeEditor.TestAppMac\Eto.CodeEditor.TestAppMac.csproj", "{DD626F6E-2487-41A7-8D97-B3F673EC117B}"
EndProject
Project("{9A19103F-16F7-4668-BE54-9A1E7A4F7556}") = "Eto.CodeEditor.TestApp", "..\test\Eto.CodeEditor.TestApp\Eto.CodeEditor.TestApp.csproj", "{FD97E2D4-5D8E-46F8-B952-1A2B2E07BA1B}"
EndProject
Project("{2150E333-8FDC-42A3-9474-1A3956D46DE8}") = "HtmlRenderer", "HtmlRenderer", "{C5C9E1F4-B112-4BDE-A589-722E87D63962}"
EndProject
Project("{9A19103F-16F7-4668-BE54-9A1E7A4F7556}") = "Eto.HtmlRenderer", "Eto.HtmlRenderer\Eto.HtmlRenderer.csproj", "{D9C153E4-6D38-4B4F-8BEE-6C9938D99CE2}"
EndProject
Project("{9A19103F-16F7-4668-BE54-9A1E7A4F7556}") = "Eto.HtmlRenderer.TestApp", "..\test\Eto.HtmlRenderer.TestApp\Eto.HtmlRenderer.TestApp.csproj", "{9AEA3FBB-2199-46CC-BD67-FE5A9D4681BB}"
EndProject
Project("{FAE04EC0-301F-11D3-BF4B-00C04F79EFBC}") = "WindowsFormTestApp", "WindowsFormTestApp\WindowsFormTestApp.csproj", "{A7170396-1C60-4D6D-A17E-007F19D245F5}"
EndProject
Project("{FAE04EC0-301F-11D3-BF4B-00C04F79EFBC}") = "WindowsFormsTestApp2", "WindowsFormsTestApp2\WindowsFormsTestApp2.csproj", "{0C2CB811-B08F-4BCD-A72C-7407D8CD262B}"
EndProject
Global
	GlobalSection(SolutionConfigurationPlatforms) = preSolution
		Debug|Any CPU = Debug|Any CPU
		Debug|ARM64 = Debug|ARM64
		Debug|Mac = Debug|Mac
		Debug|Windows = Debug|Windows
		Debug|x64 = Debug|x64
		Debug|x86 = Debug|x86
		Release|Any CPU = Release|Any CPU
		Release|ARM64 = Release|ARM64
		Release|Mac = Release|Mac
		Release|Windows = Release|Windows
		Release|x64 = Release|x64
		Release|x86 = Release|x86
	EndGlobalSection
	GlobalSection(ProjectConfigurationPlatforms) = postSolution
		{9AC91936-41E2-4481-980E-80FF089FEB8A}.Debug|Any CPU.ActiveCfg = Debug|Any CPU
		{9AC91936-41E2-4481-980E-80FF089FEB8A}.Debug|Any CPU.Build.0 = Debug|Any CPU
		{9AC91936-41E2-4481-980E-80FF089FEB8A}.Debug|ARM64.ActiveCfg = Debug|Any CPU
		{9AC91936-41E2-4481-980E-80FF089FEB8A}.Debug|ARM64.Build.0 = Debug|Any CPU
		{9AC91936-41E2-4481-980E-80FF089FEB8A}.Debug|Mac.ActiveCfg = Debug|Any CPU
		{9AC91936-41E2-4481-980E-80FF089FEB8A}.Debug|Mac.Build.0 = Debug|Any CPU
		{9AC91936-41E2-4481-980E-80FF089FEB8A}.Debug|Windows.ActiveCfg = Debug|Any CPU
		{9AC91936-41E2-4481-980E-80FF089FEB8A}.Debug|Windows.Build.0 = Debug|Any CPU
		{9AC91936-41E2-4481-980E-80FF089FEB8A}.Debug|x64.ActiveCfg = Debug|Any CPU
		{9AC91936-41E2-4481-980E-80FF089FEB8A}.Debug|x64.Build.0 = Debug|Any CPU
		{9AC91936-41E2-4481-980E-80FF089FEB8A}.Debug|x86.ActiveCfg = Debug|Any CPU
		{9AC91936-41E2-4481-980E-80FF089FEB8A}.Debug|x86.Build.0 = Debug|Any CPU
		{9AC91936-41E2-4481-980E-80FF089FEB8A}.Release|Any CPU.ActiveCfg = Release|Any CPU
		{9AC91936-41E2-4481-980E-80FF089FEB8A}.Release|Any CPU.Build.0 = Release|Any CPU
		{9AC91936-41E2-4481-980E-80FF089FEB8A}.Release|ARM64.ActiveCfg = Release|Any CPU
		{9AC91936-41E2-4481-980E-80FF089FEB8A}.Release|ARM64.Build.0 = Release|Any CPU
		{9AC91936-41E2-4481-980E-80FF089FEB8A}.Release|Mac.ActiveCfg = Release|Any CPU
		{9AC91936-41E2-4481-980E-80FF089FEB8A}.Release|Mac.Build.0 = Release|Any CPU
		{9AC91936-41E2-4481-980E-80FF089FEB8A}.Release|Windows.ActiveCfg = Release|Any CPU
		{9AC91936-41E2-4481-980E-80FF089FEB8A}.Release|Windows.Build.0 = Release|Any CPU
		{9AC91936-41E2-4481-980E-80FF089FEB8A}.Release|x64.ActiveCfg = Release|Any CPU
		{9AC91936-41E2-4481-980E-80FF089FEB8A}.Release|x64.Build.0 = Release|Any CPU
		{9AC91936-41E2-4481-980E-80FF089FEB8A}.Release|x86.ActiveCfg = Release|Any CPU
		{9AC91936-41E2-4481-980E-80FF089FEB8A}.Release|x86.Build.0 = Release|Any CPU
		{160DE3A8-EDD5-4256-9433-87DAEC4CF259}.Debug|Any CPU.ActiveCfg = Debug|Any CPU
		{160DE3A8-EDD5-4256-9433-87DAEC4CF259}.Debug|Any CPU.Build.0 = Debug|Any CPU
		{160DE3A8-EDD5-4256-9433-87DAEC4CF259}.Debug|ARM64.ActiveCfg = Debug|Any CPU
		{160DE3A8-EDD5-4256-9433-87DAEC4CF259}.Debug|Mac.ActiveCfg = Debug|Any CPU
		{160DE3A8-EDD5-4256-9433-87DAEC4CF259}.Debug|Mac.Build.0 = Debug|Any CPU
		{160DE3A8-EDD5-4256-9433-87DAEC4CF259}.Debug|Windows.ActiveCfg = Debug|Any CPU
		{160DE3A8-EDD5-4256-9433-87DAEC4CF259}.Debug|x64.ActiveCfg = Debug|Any CPU
		{160DE3A8-EDD5-4256-9433-87DAEC4CF259}.Debug|x86.ActiveCfg = Debug|Any CPU
		{160DE3A8-EDD5-4256-9433-87DAEC4CF259}.Release|Any CPU.ActiveCfg = Release|Any CPU
		{160DE3A8-EDD5-4256-9433-87DAEC4CF259}.Release|Any CPU.Build.0 = Release|Any CPU
		{160DE3A8-EDD5-4256-9433-87DAEC4CF259}.Release|ARM64.ActiveCfg = Release|Any CPU
		{160DE3A8-EDD5-4256-9433-87DAEC4CF259}.Release|Mac.ActiveCfg = Release|Any CPU
		{160DE3A8-EDD5-4256-9433-87DAEC4CF259}.Release|Mac.Build.0 = Release|Any CPU
		{160DE3A8-EDD5-4256-9433-87DAEC4CF259}.Release|Windows.ActiveCfg = Release|Any CPU
		{160DE3A8-EDD5-4256-9433-87DAEC4CF259}.Release|x64.ActiveCfg = Release|Any CPU
		{160DE3A8-EDD5-4256-9433-87DAEC4CF259}.Release|x86.ActiveCfg = Release|Any CPU
		{835EF387-1702-49FF-B1B1-41C3D0CDF8B9}.Debug|Any CPU.ActiveCfg = Debug|Any CPU
		{835EF387-1702-49FF-B1B1-41C3D0CDF8B9}.Debug|Any CPU.Build.0 = Debug|Any CPU
		{835EF387-1702-49FF-B1B1-41C3D0CDF8B9}.Debug|ARM64.ActiveCfg = Debug|Any CPU
		{835EF387-1702-49FF-B1B1-41C3D0CDF8B9}.Debug|ARM64.Build.0 = Debug|Any CPU
		{835EF387-1702-49FF-B1B1-41C3D0CDF8B9}.Debug|Mac.ActiveCfg = Debug|Any CPU
		{835EF387-1702-49FF-B1B1-41C3D0CDF8B9}.Debug|Windows.ActiveCfg = Debug|Any CPU
		{835EF387-1702-49FF-B1B1-41C3D0CDF8B9}.Debug|Windows.Build.0 = Debug|Any CPU
		{835EF387-1702-49FF-B1B1-41C3D0CDF8B9}.Debug|x64.ActiveCfg = Debug|Any CPU
		{835EF387-1702-49FF-B1B1-41C3D0CDF8B9}.Debug|x64.Build.0 = Debug|Any CPU
		{835EF387-1702-49FF-B1B1-41C3D0CDF8B9}.Debug|x86.ActiveCfg = Debug|Any CPU
		{835EF387-1702-49FF-B1B1-41C3D0CDF8B9}.Debug|x86.Build.0 = Debug|Any CPU
		{835EF387-1702-49FF-B1B1-41C3D0CDF8B9}.Release|Any CPU.ActiveCfg = Release|Any CPU
		{835EF387-1702-49FF-B1B1-41C3D0CDF8B9}.Release|Any CPU.Build.0 = Release|Any CPU
		{835EF387-1702-49FF-B1B1-41C3D0CDF8B9}.Release|ARM64.ActiveCfg = Release|Any CPU
		{835EF387-1702-49FF-B1B1-41C3D0CDF8B9}.Release|ARM64.Build.0 = Release|Any CPU
		{835EF387-1702-49FF-B1B1-41C3D0CDF8B9}.Release|Mac.ActiveCfg = Release|Any CPU
		{835EF387-1702-49FF-B1B1-41C3D0CDF8B9}.Release|Mac.Build.0 = Release|Any CPU
		{835EF387-1702-49FF-B1B1-41C3D0CDF8B9}.Release|Windows.ActiveCfg = Release|Any CPU
		{835EF387-1702-49FF-B1B1-41C3D0CDF8B9}.Release|Windows.Build.0 = Release|Any CPU
		{835EF387-1702-49FF-B1B1-41C3D0CDF8B9}.Release|x64.ActiveCfg = Release|Any CPU
		{835EF387-1702-49FF-B1B1-41C3D0CDF8B9}.Release|x64.Build.0 = Release|Any CPU
		{835EF387-1702-49FF-B1B1-41C3D0CDF8B9}.Release|x86.ActiveCfg = Release|Any CPU
		{835EF387-1702-49FF-B1B1-41C3D0CDF8B9}.Release|x86.Build.0 = Release|Any CPU
		{2BF83FDA-9BFF-4A1E-8C58-1EAC435DEED6}.Debug|Any CPU.ActiveCfg = Debug|Any CPU
		{2BF83FDA-9BFF-4A1E-8C58-1EAC435DEED6}.Debug|Any CPU.Build.0 = Debug|Any CPU
		{2BF83FDA-9BFF-4A1E-8C58-1EAC435DEED6}.Debug|ARM64.ActiveCfg = Debug|Any CPU
		{2BF83FDA-9BFF-4A1E-8C58-1EAC435DEED6}.Debug|ARM64.Build.0 = Debug|Any CPU
		{2BF83FDA-9BFF-4A1E-8C58-1EAC435DEED6}.Debug|Mac.ActiveCfg = Debug|Any CPU
		{2BF83FDA-9BFF-4A1E-8C58-1EAC435DEED6}.Debug|Windows.ActiveCfg = Debug|Any CPU
		{2BF83FDA-9BFF-4A1E-8C58-1EAC435DEED6}.Debug|Windows.Build.0 = Debug|Any CPU
		{2BF83FDA-9BFF-4A1E-8C58-1EAC435DEED6}.Debug|x64.ActiveCfg = Debug|Any CPU
		{2BF83FDA-9BFF-4A1E-8C58-1EAC435DEED6}.Debug|x64.Build.0 = Debug|Any CPU
		{2BF83FDA-9BFF-4A1E-8C58-1EAC435DEED6}.Debug|x86.ActiveCfg = Debug|Any CPU
		{2BF83FDA-9BFF-4A1E-8C58-1EAC435DEED6}.Debug|x86.Build.0 = Debug|Any CPU
		{2BF83FDA-9BFF-4A1E-8C58-1EAC435DEED6}.Release|Any CPU.ActiveCfg = Release|Any CPU
		{2BF83FDA-9BFF-4A1E-8C58-1EAC435DEED6}.Release|Any CPU.Build.0 = Release|Any CPU
		{2BF83FDA-9BFF-4A1E-8C58-1EAC435DEED6}.Release|ARM64.ActiveCfg = Release|Any CPU
		{2BF83FDA-9BFF-4A1E-8C58-1EAC435DEED6}.Release|ARM64.Build.0 = Release|Any CPU
		{2BF83FDA-9BFF-4A1E-8C58-1EAC435DEED6}.Release|Mac.ActiveCfg = Release|Any CPU
		{2BF83FDA-9BFF-4A1E-8C58-1EAC435DEED6}.Release|Windows.ActiveCfg = Release|Any CPU
		{2BF83FDA-9BFF-4A1E-8C58-1EAC435DEED6}.Release|Windows.Build.0 = Release|Any CPU
		{2BF83FDA-9BFF-4A1E-8C58-1EAC435DEED6}.Release|x64.ActiveCfg = Release|Any CPU
		{2BF83FDA-9BFF-4A1E-8C58-1EAC435DEED6}.Release|x64.Build.0 = Release|Any CPU
		{2BF83FDA-9BFF-4A1E-8C58-1EAC435DEED6}.Release|x86.ActiveCfg = Release|Any CPU
		{2BF83FDA-9BFF-4A1E-8C58-1EAC435DEED6}.Release|x86.Build.0 = Release|Any CPU
		{810B1BCD-8E09-4F69-8726-B6ED91E243E7}.Debug|Any CPU.ActiveCfg = Debug|Any CPU
		{810B1BCD-8E09-4F69-8726-B6ED91E243E7}.Debug|Any CPU.Build.0 = Debug|Any CPU
		{810B1BCD-8E09-4F69-8726-B6ED91E243E7}.Debug|ARM64.ActiveCfg = Debug|Any CPU
		{810B1BCD-8E09-4F69-8726-B6ED91E243E7}.Debug|Mac.ActiveCfg = Debug|Any CPU
		{810B1BCD-8E09-4F69-8726-B6ED91E243E7}.Debug|Mac.Build.0 = Debug|Any CPU
		{810B1BCD-8E09-4F69-8726-B6ED91E243E7}.Debug|Windows.ActiveCfg = Debug|Any CPU
		{810B1BCD-8E09-4F69-8726-B6ED91E243E7}.Debug|x64.ActiveCfg = Debug|Any CPU
		{810B1BCD-8E09-4F69-8726-B6ED91E243E7}.Debug|x86.ActiveCfg = Debug|Any CPU
		{810B1BCD-8E09-4F69-8726-B6ED91E243E7}.Release|Any CPU.ActiveCfg = Release|Any CPU
		{810B1BCD-8E09-4F69-8726-B6ED91E243E7}.Release|Any CPU.Build.0 = Release|Any CPU
		{810B1BCD-8E09-4F69-8726-B6ED91E243E7}.Release|ARM64.ActiveCfg = Release|Any CPU
		{810B1BCD-8E09-4F69-8726-B6ED91E243E7}.Release|Mac.ActiveCfg = Release|Any CPU
		{810B1BCD-8E09-4F69-8726-B6ED91E243E7}.Release|Mac.Build.0 = Release|Any CPU
		{810B1BCD-8E09-4F69-8726-B6ED91E243E7}.Release|Windows.ActiveCfg = Release|Any CPU
		{810B1BCD-8E09-4F69-8726-B6ED91E243E7}.Release|x64.ActiveCfg = Release|Any CPU
		{810B1BCD-8E09-4F69-8726-B6ED91E243E7}.Release|x86.ActiveCfg = Release|Any CPU
		{DD626F6E-2487-41A7-8D97-B3F673EC117B}.Debug|Any CPU.ActiveCfg = Debug|Mac
		{DD626F6E-2487-41A7-8D97-B3F673EC117B}.Debug|ARM64.ActiveCfg = Debug|Mac
		{DD626F6E-2487-41A7-8D97-B3F673EC117B}.Debug|Mac.ActiveCfg = Debug|Mac
		{DD626F6E-2487-41A7-8D97-B3F673EC117B}.Debug|Mac.Build.0 = Debug|Mac
		{DD626F6E-2487-41A7-8D97-B3F673EC117B}.Debug|Windows.ActiveCfg = Debug|Mac
		{DD626F6E-2487-41A7-8D97-B3F673EC117B}.Debug|x64.ActiveCfg = Debug|Mac
		{DD626F6E-2487-41A7-8D97-B3F673EC117B}.Debug|x86.ActiveCfg = Debug|Mac
		{DD626F6E-2487-41A7-8D97-B3F673EC117B}.Release|Any CPU.ActiveCfg = Release|Mac
		{DD626F6E-2487-41A7-8D97-B3F673EC117B}.Release|ARM64.ActiveCfg = Release|Mac
		{DD626F6E-2487-41A7-8D97-B3F673EC117B}.Release|Mac.ActiveCfg = Release|Mac
		{DD626F6E-2487-41A7-8D97-B3F673EC117B}.Release|Mac.Build.0 = Release|Mac
		{DD626F6E-2487-41A7-8D97-B3F673EC117B}.Release|Windows.ActiveCfg = Release|Mac
		{DD626F6E-2487-41A7-8D97-B3F673EC117B}.Release|x64.ActiveCfg = Release|Mac
		{DD626F6E-2487-41A7-8D97-B3F673EC117B}.Release|x86.ActiveCfg = Release|Mac
		{FD97E2D4-5D8E-46F8-B952-1A2B2E07BA1B}.Debug|Any CPU.ActiveCfg = Debug|Any CPU
		{FD97E2D4-5D8E-46F8-B952-1A2B2E07BA1B}.Debug|Any CPU.Build.0 = Debug|Any CPU
		{FD97E2D4-5D8E-46F8-B952-1A2B2E07BA1B}.Debug|ARM64.ActiveCfg = Debug|Any CPU
		{FD97E2D4-5D8E-46F8-B952-1A2B2E07BA1B}.Debug|ARM64.Build.0 = Debug|Any CPU
		{FD97E2D4-5D8E-46F8-B952-1A2B2E07BA1B}.Debug|Mac.ActiveCfg = Debug|Any CPU
		{FD97E2D4-5D8E-46F8-B952-1A2B2E07BA1B}.Debug|Mac.Build.0 = Debug|Any CPU
		{FD97E2D4-5D8E-46F8-B952-1A2B2E07BA1B}.Debug|Windows.ActiveCfg = Debug|Any CPU
		{FD97E2D4-5D8E-46F8-B952-1A2B2E07BA1B}.Debug|Windows.Build.0 = Debug|Any CPU
		{FD97E2D4-5D8E-46F8-B952-1A2B2E07BA1B}.Debug|x64.ActiveCfg = Debug|Any CPU
		{FD97E2D4-5D8E-46F8-B952-1A2B2E07BA1B}.Debug|x64.Build.0 = Debug|Any CPU
		{FD97E2D4-5D8E-46F8-B952-1A2B2E07BA1B}.Debug|x86.ActiveCfg = Debug|Any CPU
		{FD97E2D4-5D8E-46F8-B952-1A2B2E07BA1B}.Debug|x86.Build.0 = Debug|Any CPU
		{FD97E2D4-5D8E-46F8-B952-1A2B2E07BA1B}.Release|Any CPU.ActiveCfg = Release|Any CPU
		{FD97E2D4-5D8E-46F8-B952-1A2B2E07BA1B}.Release|Any CPU.Build.0 = Release|Any CPU
		{FD97E2D4-5D8E-46F8-B952-1A2B2E07BA1B}.Release|ARM64.ActiveCfg = Release|Any CPU
		{FD97E2D4-5D8E-46F8-B952-1A2B2E07BA1B}.Release|ARM64.Build.0 = Release|Any CPU
		{FD97E2D4-5D8E-46F8-B952-1A2B2E07BA1B}.Release|Mac.ActiveCfg = Release|Any CPU
		{FD97E2D4-5D8E-46F8-B952-1A2B2E07BA1B}.Release|Mac.Build.0 = Release|Any CPU
		{FD97E2D4-5D8E-46F8-B952-1A2B2E07BA1B}.Release|Windows.ActiveCfg = Release|Any CPU
		{FD97E2D4-5D8E-46F8-B952-1A2B2E07BA1B}.Release|Windows.Build.0 = Release|Any CPU
		{FD97E2D4-5D8E-46F8-B952-1A2B2E07BA1B}.Release|x64.ActiveCfg = Release|Any CPU
		{FD97E2D4-5D8E-46F8-B952-1A2B2E07BA1B}.Release|x64.Build.0 = Release|Any CPU
		{FD97E2D4-5D8E-46F8-B952-1A2B2E07BA1B}.Release|x86.ActiveCfg = Release|Any CPU
		{FD97E2D4-5D8E-46F8-B952-1A2B2E07BA1B}.Release|x86.Build.0 = Release|Any CPU
		{D9C153E4-6D38-4B4F-8BEE-6C9938D99CE2}.Debug|Any CPU.ActiveCfg = Debug|Any CPU
		{D9C153E4-6D38-4B4F-8BEE-6C9938D99CE2}.Debug|Any CPU.Build.0 = Debug|Any CPU
		{D9C153E4-6D38-4B4F-8BEE-6C9938D99CE2}.Debug|ARM64.ActiveCfg = Debug|Any CPU
		{D9C153E4-6D38-4B4F-8BEE-6C9938D99CE2}.Debug|ARM64.Build.0 = Debug|Any CPU
		{D9C153E4-6D38-4B4F-8BEE-6C9938D99CE2}.Debug|Mac.ActiveCfg = Debug|Any CPU
		{D9C153E4-6D38-4B4F-8BEE-6C9938D99CE2}.Debug|Mac.Build.0 = Debug|Any CPU
		{D9C153E4-6D38-4B4F-8BEE-6C9938D99CE2}.Debug|Windows.ActiveCfg = Debug|Any CPU
		{D9C153E4-6D38-4B4F-8BEE-6C9938D99CE2}.Debug|Windows.Build.0 = Debug|Any CPU
		{D9C153E4-6D38-4B4F-8BEE-6C9938D99CE2}.Debug|x64.ActiveCfg = Debug|Any CPU
		{D9C153E4-6D38-4B4F-8BEE-6C9938D99CE2}.Debug|x64.Build.0 = Debug|Any CPU
		{D9C153E4-6D38-4B4F-8BEE-6C9938D99CE2}.Debug|x86.ActiveCfg = Debug|Any CPU
		{D9C153E4-6D38-4B4F-8BEE-6C9938D99CE2}.Debug|x86.Build.0 = Debug|Any CPU
		{D9C153E4-6D38-4B4F-8BEE-6C9938D99CE2}.Release|Any CPU.ActiveCfg = Release|Any CPU
		{D9C153E4-6D38-4B4F-8BEE-6C9938D99CE2}.Release|Any CPU.Build.0 = Release|Any CPU
		{D9C153E4-6D38-4B4F-8BEE-6C9938D99CE2}.Release|ARM64.ActiveCfg = Release|Any CPU
		{D9C153E4-6D38-4B4F-8BEE-6C9938D99CE2}.Release|ARM64.Build.0 = Release|Any CPU
		{D9C153E4-6D38-4B4F-8BEE-6C9938D99CE2}.Release|Mac.ActiveCfg = Release|Any CPU
		{D9C153E4-6D38-4B4F-8BEE-6C9938D99CE2}.Release|Mac.Build.0 = Release|Any CPU
		{D9C153E4-6D38-4B4F-8BEE-6C9938D99CE2}.Release|Windows.ActiveCfg = Release|Any CPU
		{D9C153E4-6D38-4B4F-8BEE-6C9938D99CE2}.Release|Windows.Build.0 = Release|Any CPU
		{D9C153E4-6D38-4B4F-8BEE-6C9938D99CE2}.Release|x64.ActiveCfg = Release|Any CPU
		{D9C153E4-6D38-4B4F-8BEE-6C9938D99CE2}.Release|x64.Build.0 = Release|Any CPU
		{D9C153E4-6D38-4B4F-8BEE-6C9938D99CE2}.Release|x86.ActiveCfg = Release|Any CPU
		{D9C153E4-6D38-4B4F-8BEE-6C9938D99CE2}.Release|x86.Build.0 = Release|Any CPU
		{9AEA3FBB-2199-46CC-BD67-FE5A9D4681BB}.Debug|Any CPU.ActiveCfg = Debug|Any CPU
		{9AEA3FBB-2199-46CC-BD67-FE5A9D4681BB}.Debug|Any CPU.Build.0 = Debug|Any CPU
		{9AEA3FBB-2199-46CC-BD67-FE5A9D4681BB}.Debug|ARM64.ActiveCfg = Debug|Any CPU
		{9AEA3FBB-2199-46CC-BD67-FE5A9D4681BB}.Debug|ARM64.Build.0 = Debug|Any CPU
		{9AEA3FBB-2199-46CC-BD67-FE5A9D4681BB}.Debug|Mac.ActiveCfg = Debug|Any CPU
		{9AEA3FBB-2199-46CC-BD67-FE5A9D4681BB}.Debug|Mac.Build.0 = Debug|Any CPU
		{9AEA3FBB-2199-46CC-BD67-FE5A9D4681BB}.Debug|Windows.ActiveCfg = Debug|Any CPU
		{9AEA3FBB-2199-46CC-BD67-FE5A9D4681BB}.Debug|Windows.Build.0 = Debug|Any CPU
		{9AEA3FBB-2199-46CC-BD67-FE5A9D4681BB}.Debug|x64.ActiveCfg = Debug|Any CPU
		{9AEA3FBB-2199-46CC-BD67-FE5A9D4681BB}.Debug|x64.Build.0 = Debug|Any CPU
		{9AEA3FBB-2199-46CC-BD67-FE5A9D4681BB}.Debug|x86.ActiveCfg = Debug|Any CPU
		{9AEA3FBB-2199-46CC-BD67-FE5A9D4681BB}.Debug|x86.Build.0 = Debug|Any CPU
		{9AEA3FBB-2199-46CC-BD67-FE5A9D4681BB}.Release|Any CPU.ActiveCfg = Release|Any CPU
		{9AEA3FBB-2199-46CC-BD67-FE5A9D4681BB}.Release|Any CPU.Build.0 = Release|Any CPU
		{9AEA3FBB-2199-46CC-BD67-FE5A9D4681BB}.Release|ARM64.ActiveCfg = Release|Any CPU
		{9AEA3FBB-2199-46CC-BD67-FE5A9D4681BB}.Release|ARM64.Build.0 = Release|Any CPU
		{9AEA3FBB-2199-46CC-BD67-FE5A9D4681BB}.Release|Mac.ActiveCfg = Release|Any CPU
		{9AEA3FBB-2199-46CC-BD67-FE5A9D4681BB}.Release|Mac.Build.0 = Release|Any CPU
		{9AEA3FBB-2199-46CC-BD67-FE5A9D4681BB}.Release|Windows.ActiveCfg = Release|Any CPU
		{9AEA3FBB-2199-46CC-BD67-FE5A9D4681BB}.Release|Windows.Build.0 = Release|Any CPU
		{9AEA3FBB-2199-46CC-BD67-FE5A9D4681BB}.Release|x64.ActiveCfg = Release|Any CPU
		{9AEA3FBB-2199-46CC-BD67-FE5A9D4681BB}.Release|x64.Build.0 = Release|Any CPU
		{9AEA3FBB-2199-46CC-BD67-FE5A9D4681BB}.Release|x86.ActiveCfg = Release|Any CPU
		{9AEA3FBB-2199-46CC-BD67-FE5A9D4681BB}.Release|x86.Build.0 = Release|Any CPU
		{A7170396-1C60-4D6D-A17E-007F19D245F5}.Debug|Any CPU.ActiveCfg = Debug|Any CPU
		{A7170396-1C60-4D6D-A17E-007F19D245F5}.Debug|Any CPU.Build.0 = Debug|Any CPU
		{A7170396-1C60-4D6D-A17E-007F19D245F5}.Debug|ARM64.ActiveCfg = Debug|Any CPU
		{A7170396-1C60-4D6D-A17E-007F19D245F5}.Debug|ARM64.Build.0 = Debug|Any CPU
		{A7170396-1C60-4D6D-A17E-007F19D245F5}.Debug|Mac.ActiveCfg = Debug|Any CPU
		{A7170396-1C60-4D6D-A17E-007F19D245F5}.Debug|Mac.Build.0 = Debug|Any CPU
		{A7170396-1C60-4D6D-A17E-007F19D245F5}.Debug|Windows.ActiveCfg = Debug|Any CPU
		{A7170396-1C60-4D6D-A17E-007F19D245F5}.Debug|Windows.Build.0 = Debug|Any CPU
		{A7170396-1C60-4D6D-A17E-007F19D245F5}.Debug|x64.ActiveCfg = Debug|Any CPU
		{A7170396-1C60-4D6D-A17E-007F19D245F5}.Debug|x64.Build.0 = Debug|Any CPU
		{A7170396-1C60-4D6D-A17E-007F19D245F5}.Debug|x86.ActiveCfg = Debug|Any CPU
		{A7170396-1C60-4D6D-A17E-007F19D245F5}.Debug|x86.Build.0 = Debug|Any CPU
		{A7170396-1C60-4D6D-A17E-007F19D245F5}.Release|Any CPU.ActiveCfg = Release|Any CPU
		{A7170396-1C60-4D6D-A17E-007F19D245F5}.Release|Any CPU.Build.0 = Release|Any CPU
		{A7170396-1C60-4D6D-A17E-007F19D245F5}.Release|ARM64.ActiveCfg = Release|Any CPU
		{A7170396-1C60-4D6D-A17E-007F19D245F5}.Release|ARM64.Build.0 = Release|Any CPU
		{A7170396-1C60-4D6D-A17E-007F19D245F5}.Release|Mac.ActiveCfg = Release|Any CPU
		{A7170396-1C60-4D6D-A17E-007F19D245F5}.Release|Mac.Build.0 = Release|Any CPU
		{A7170396-1C60-4D6D-A17E-007F19D245F5}.Release|Windows.ActiveCfg = Release|Any CPU
		{A7170396-1C60-4D6D-A17E-007F19D245F5}.Release|Windows.Build.0 = Release|Any CPU
		{A7170396-1C60-4D6D-A17E-007F19D245F5}.Release|x64.ActiveCfg = Release|Any CPU
		{A7170396-1C60-4D6D-A17E-007F19D245F5}.Release|x64.Build.0 = Release|Any CPU
		{A7170396-1C60-4D6D-A17E-007F19D245F5}.Release|x86.ActiveCfg = Release|Any CPU
		{A7170396-1C60-4D6D-A17E-007F19D245F5}.Release|x86.Build.0 = Release|Any CPU
		{0C2CB811-B08F-4BCD-A72C-7407D8CD262B}.Debug|Any CPU.ActiveCfg = Debug|Any CPU
		{0C2CB811-B08F-4BCD-A72C-7407D8CD262B}.Debug|Any CPU.Build.0 = Debug|Any CPU
		{0C2CB811-B08F-4BCD-A72C-7407D8CD262B}.Debug|ARM64.ActiveCfg = Debug|Any CPU
		{0C2CB811-B08F-4BCD-A72C-7407D8CD262B}.Debug|ARM64.Build.0 = Debug|Any CPU
		{0C2CB811-B08F-4BCD-A72C-7407D8CD262B}.Debug|Mac.ActiveCfg = Debug|Any CPU
		{0C2CB811-B08F-4BCD-A72C-7407D8CD262B}.Debug|Mac.Build.0 = Debug|Any CPU
		{0C2CB811-B08F-4BCD-A72C-7407D8CD262B}.Debug|Windows.ActiveCfg = Debug|Any CPU
		{0C2CB811-B08F-4BCD-A72C-7407D8CD262B}.Debug|Windows.Build.0 = Debug|Any CPU
		{0C2CB811-B08F-4BCD-A72C-7407D8CD262B}.Debug|x64.ActiveCfg = Debug|Any CPU
		{0C2CB811-B08F-4BCD-A72C-7407D8CD262B}.Debug|x64.Build.0 = Debug|Any CPU
		{0C2CB811-B08F-4BCD-A72C-7407D8CD262B}.Debug|x86.ActiveCfg = Debug|Any CPU
		{0C2CB811-B08F-4BCD-A72C-7407D8CD262B}.Debug|x86.Build.0 = Debug|Any CPU
		{0C2CB811-B08F-4BCD-A72C-7407D8CD262B}.Release|Any CPU.ActiveCfg = Release|Any CPU
		{0C2CB811-B08F-4BCD-A72C-7407D8CD262B}.Release|Any CPU.Build.0 = Release|Any CPU
		{0C2CB811-B08F-4BCD-A72C-7407D8CD262B}.Release|ARM64.ActiveCfg = Release|Any CPU
		{0C2CB811-B08F-4BCD-A72C-7407D8CD262B}.Release|ARM64.Build.0 = Release|Any CPU
		{0C2CB811-B08F-4BCD-A72C-7407D8CD262B}.Release|Mac.ActiveCfg = Release|Any CPU
		{0C2CB811-B08F-4BCD-A72C-7407D8CD262B}.Release|Mac.Build.0 = Release|Any CPU
		{0C2CB811-B08F-4BCD-A72C-7407D8CD262B}.Release|Windows.ActiveCfg = Release|Any CPU
		{0C2CB811-B08F-4BCD-A72C-7407D8CD262B}.Release|Windows.Build.0 = Release|Any CPU
		{0C2CB811-B08F-4BCD-A72C-7407D8CD262B}.Release|x64.ActiveCfg = Release|Any CPU
		{0C2CB811-B08F-4BCD-A72C-7407D8CD262B}.Release|x64.Build.0 = Release|Any CPU
		{0C2CB811-B08F-4BCD-A72C-7407D8CD262B}.Release|x86.ActiveCfg = Release|Any CPU
		{0C2CB811-B08F-4BCD-A72C-7407D8CD262B}.Release|x86.Build.0 = Release|Any CPU
	EndGlobalSection
	GlobalSection(SolutionProperties) = preSolution
		HideSolutionNode = FALSE
	EndGlobalSection
	GlobalSection(NestedProjects) = preSolution
		{9AC91936-41E2-4481-980E-80FF089FEB8A} = {646F64B2-57A5-4096-854F-F83D981AF1E8}
		{160DE3A8-EDD5-4256-9433-87DAEC4CF259} = {646F64B2-57A5-4096-854F-F83D981AF1E8}
		{835EF387-1702-49FF-B1B1-41C3D0CDF8B9} = {646F64B2-57A5-4096-854F-F83D981AF1E8}
		{2BF83FDA-9BFF-4A1E-8C58-1EAC435DEED6} = {646F64B2-57A5-4096-854F-F83D981AF1E8}
		{810B1BCD-8E09-4F69-8726-B6ED91E243E7} = {646F64B2-57A5-4096-854F-F83D981AF1E8}
		{DD626F6E-2487-41A7-8D97-B3F673EC117B} = {646F64B2-57A5-4096-854F-F83D981AF1E8}
		{FD97E2D4-5D8E-46F8-B952-1A2B2E07BA1B} = {646F64B2-57A5-4096-854F-F83D981AF1E8}
		{D9C153E4-6D38-4B4F-8BEE-6C9938D99CE2} = {C5C9E1F4-B112-4BDE-A589-722E87D63962}
		{9AEA3FBB-2199-46CC-BD67-FE5A9D4681BB} = {C5C9E1F4-B112-4BDE-A589-722E87D63962}
		{A7170396-1C60-4D6D-A17E-007F19D245F5} = {646F64B2-57A5-4096-854F-F83D981AF1E8}
		{0C2CB811-B08F-4BCD-A72C-7407D8CD262B} = {646F64B2-57A5-4096-854F-F83D981AF1E8}
	EndGlobalSection
	GlobalSection(ExtensibilityGlobals) = postSolution
		SolutionGuid = {B290EE1E-3782-4C57-A127-FD078514CD8C}
	EndGlobalSection
EndGlobal
