Microsoft Visual Studio Solution File, Format Version 12.00
# Visual Studio Version 16
VisualStudioVersion = 16.0.29519.87
MinimumVisualStudioVersion = 10.0.40219.1
Project("{9A19103F-16F7-4668-BE54-9A1E7A4F7556}") = "Eto.CodeEditor", "Eto.CodeEditor\Eto.CodeEditor.csproj", "{9AC91936-41E2-4481-980E-80FF089FEB8A}"
EndProject
Project("{FAE04EC0-301F-11D3-BF4B-00C04F79EFBC}") = "Eto.CodeEditor.XamMac2", "Eto.CodeEditor.Mac\Eto.CodeEditor.XamMac2.csproj", "{160DE3A8-EDD5-4256-9433-87DAEC4CF259}"
EndProject
Project("{2150E333-8FDC-42A3-9474-1A3956D46DE8}") = "CodeEditor", "CodeEditor", "{646F64B2-57A5-4096-854F-F83D981AF1E8}"
EndProject
Project("{FAE04EC0-301F-11D3-BF4B-00C04F79EFBC}") = "Eto.CodeEditor.TestApp.Wpf", "..\test\Eto.CodeEditor.TestApp.Wpf\Eto.CodeEditor.TestApp.Wpf.csproj", "{2BF83FDA-9BFF-4A1E-8C58-1EAC435DEED6}"
EndProject
Project("{FAE04EC0-301F-11D3-BF4B-00C04F79EFBC}") = "Scintilla.XamMac2", "Scintilla.XamMac2\Scintilla.XamMac2.csproj", "{810B1BCD-8E09-4F69-8726-B6ED91E243E7}"
EndProject
Project("{FAE04EC0-301F-11D3-BF4B-00C04F79EFBC}") = "Eto.CodeEditor.TestApp.XamMac2", "..\test\Eto.CodeEditor.TestApp.Mac\Eto.CodeEditor.TestApp.XamMac2.csproj", "{DD626F6E-2487-41A7-8D97-B3F673EC117B}"
EndProject
Project("{9A19103F-16F7-4668-BE54-9A1E7A4F7556}") = "Eto.CodeEditor.TestApp", "..\test\Eto.CodeEditor.TestApp\Eto.CodeEditor.TestApp.csproj", "{FD97E2D4-5D8E-46F8-B952-1A2B2E07BA1B}"
EndProject
Project("{2150E333-8FDC-42A3-9474-1A3956D46DE8}") = "HtmlRenderer", "HtmlRenderer", "{C5C9E1F4-B112-4BDE-A589-722E87D63962}"
EndProject
Project("{9A19103F-16F7-4668-BE54-9A1E7A4F7556}") = "Eto.HtmlRenderer", "Eto.HtmlRenderer\Eto.HtmlRenderer.csproj", "{D9C153E4-6D38-4B4F-8BEE-6C9938D99CE2}"
EndProject
Project("{9A19103F-16F7-4668-BE54-9A1E7A4F7556}") = "Eto.HtmlRenderer.TestApp", "..\test\Eto.HtmlRenderer.TestApp\Eto.HtmlRenderer.TestApp.csproj", "{9AEA3FBB-2199-46CC-BD67-FE5A9D4681BB}"
EndProject
Project("{9A19103F-16F7-4668-BE54-9A1E7A4F7556}") = "Eto.HtmlRenderer.Wpf", "Eto.HtmlRenderer.Wpf\Eto.HtmlRenderer.Wpf.csproj", "{CBC22717-A7E5-428A-97E0-30D5C71737DC}"
EndProject
Project("{9A19103F-16F7-4668-BE54-9A1E7A4F7556}") = "Eto.HtmlRenderer.ImageSharp", "Eto.HtmlRenderer.ImageSharp\Eto.HtmlRenderer.ImageSharp.csproj", "{364EDFB1-8C1A-46B1-A9F7-B9D7F9417E55}"
EndProject
Project("{9A19103F-16F7-4668-BE54-9A1E7A4F7556}") = "Eto.HtmlRenderer.Mac64", "Eto.HtmlRenderer.Mac\Eto.HtmlRenderer.Mac64.csproj", "{F9D593CA-8448-466D-BC47-A1753E3949FD}"
EndProject
Project("{2150E333-8FDC-42A3-9474-1A3956D46DE8}") = "Build", "Build", "{23803176-E117-455E-9B80-15AA3C0D8BD2}"
	ProjectSection(SolutionItems) = preProject
		..\azure-pipelines.yml = ..\azure-pipelines.yml
		..\build\Common.Build.props = ..\build\Common.Build.props
		..\build\Common.Build.targets = ..\build\Common.Build.targets
		Directory.Build.props = Directory.Build.props
		Directory.Build.targets = Directory.Build.targets
		NuGet.Config = NuGet.Config
	EndProjectSection
EndProject
Project("{FAE04EC0-301F-11D3-BF4B-00C04F79EFBC}") = "Eto.HtmlRenderer.XamMac2", "Eto.HtmlRenderer.Mac\Eto.HtmlRenderer.XamMac2.csproj", "{B5D415B5-22D9-44C9-888A-26301E76AE99}"
EndProject
Project("{2150E333-8FDC-42A3-9474-1A3956D46DE8}") = "UnitTest", "UnitTest", "{AEA85D35-82E6-4863-B54C-4B6EE89D9234}"
EndProject
Project("{9A19103F-16F7-4668-BE54-9A1E7A4F7556}") = "Eto.UnitTest", "Eto.UnitTest\Eto.UnitTest.csproj", "{6E2E7041-9E81-4B7D-BE9D-A3796954871D}"
EndProject
Project("{9A19103F-16F7-4668-BE54-9A1E7A4F7556}") = "Eto.UnitTest.NUnit", "Eto.UnitTest.NUnit\Eto.UnitTest.NUnit.csproj", "{3076C3F6-4313-47DD-8CB2-C1B1A617FC6A}"
EndProject
Project("{9A19103F-16F7-4668-BE54-9A1E7A4F7556}") = "Eto.UnitTest.Xunit", "Eto.UnitTest.Xunit\Eto.UnitTest.Xunit.csproj", "{CBCB2F2F-0BCF-4B0B-8AAC-85891FDDCEEE}"
EndProject
Project("{9A19103F-16F7-4668-BE54-9A1E7A4F7556}") = "Eto.UnitTest.Desktop", "Eto.UnitTest.Desktop\Eto.UnitTest.Desktop.csproj", "{9E9C86EE-7E14-4E98-93EA-6CC8F54DC663}"
EndProject
Project("{9344BDBB-3E7F-41FC-A0DD-8665D75EE146}") = "Eto.CodeEditor.Wpf", "Eto.CodeEditor.Wpf\Eto.CodeEditor.Wpf.csproj", "{60C90DC5-E674-4368-9DC5-9734D215588D}"
EndProject
Global
	GlobalSection(SolutionConfigurationPlatforms) = preSolution
		Debug|Mac = Debug|Mac
		Debug|Windows = Debug|Windows
		Release|Mac = Release|Mac
		Release|Windows = Release|Windows
	EndGlobalSection
	GlobalSection(ProjectConfigurationPlatforms) = postSolution
		{9AC91936-41E2-4481-980E-80FF089FEB8A}.Debug|Mac.ActiveCfg = Debug|Any CPU
		{9AC91936-41E2-4481-980E-80FF089FEB8A}.Debug|Mac.Build.0 = Debug|Any CPU
		{9AC91936-41E2-4481-980E-80FF089FEB8A}.Debug|Windows.ActiveCfg = Debug|Any CPU
		{9AC91936-41E2-4481-980E-80FF089FEB8A}.Debug|Windows.Build.0 = Debug|Any CPU
		{9AC91936-41E2-4481-980E-80FF089FEB8A}.Release|Mac.ActiveCfg = Release|Any CPU
		{9AC91936-41E2-4481-980E-80FF089FEB8A}.Release|Mac.Build.0 = Release|Any CPU
		{9AC91936-41E2-4481-980E-80FF089FEB8A}.Release|Windows.ActiveCfg = Release|Any CPU
		{9AC91936-41E2-4481-980E-80FF089FEB8A}.Release|Windows.Build.0 = Release|Any CPU
		{160DE3A8-EDD5-4256-9433-87DAEC4CF259}.Debug|Mac.ActiveCfg = Debug|Any CPU
		{160DE3A8-EDD5-4256-9433-87DAEC4CF259}.Debug|Mac.Build.0 = Debug|Any CPU
		{160DE3A8-EDD5-4256-9433-87DAEC4CF259}.Debug|Windows.ActiveCfg = Debug|Any CPU
		{160DE3A8-EDD5-4256-9433-87DAEC4CF259}.Release|Mac.ActiveCfg = Release|Any CPU
		{160DE3A8-EDD5-4256-9433-87DAEC4CF259}.Release|Mac.Build.0 = Release|Any CPU
		{160DE3A8-EDD5-4256-9433-87DAEC4CF259}.Release|Windows.ActiveCfg = Release|Any CPU
		{2BF83FDA-9BFF-4A1E-8C58-1EAC435DEED6}.Debug|Mac.ActiveCfg = Debug|Any CPU
		{2BF83FDA-9BFF-4A1E-8C58-1EAC435DEED6}.Debug|Windows.ActiveCfg = Debug|Any CPU
		{2BF83FDA-9BFF-4A1E-8C58-1EAC435DEED6}.Debug|Windows.Build.0 = Debug|Any CPU
		{2BF83FDA-9BFF-4A1E-8C58-1EAC435DEED6}.Release|Mac.ActiveCfg = Release|Any CPU
		{2BF83FDA-9BFF-4A1E-8C58-1EAC435DEED6}.Release|Windows.ActiveCfg = Release|Any CPU
		{2BF83FDA-9BFF-4A1E-8C58-1EAC435DEED6}.Release|Windows.Build.0 = Release|Any CPU
		{810B1BCD-8E09-4F69-8726-B6ED91E243E7}.Debug|Mac.ActiveCfg = Debug|Any CPU
		{810B1BCD-8E09-4F69-8726-B6ED91E243E7}.Debug|Mac.Build.0 = Debug|Any CPU
		{810B1BCD-8E09-4F69-8726-B6ED91E243E7}.Debug|Windows.ActiveCfg = Debug|Any CPU
		{810B1BCD-8E09-4F69-8726-B6ED91E243E7}.Release|Mac.ActiveCfg = Release|Any CPU
		{810B1BCD-8E09-4F69-8726-B6ED91E243E7}.Release|Mac.Build.0 = Release|Any CPU
		{810B1BCD-8E09-4F69-8726-B6ED91E243E7}.Release|Windows.ActiveCfg = Release|Any CPU
		{DD626F6E-2487-41A7-8D97-B3F673EC117B}.Debug|Mac.ActiveCfg = Debug|Any CPU
		{DD626F6E-2487-41A7-8D97-B3F673EC117B}.Debug|Mac.Build.0 = Debug|Any CPU
		{DD626F6E-2487-41A7-8D97-B3F673EC117B}.Debug|Windows.ActiveCfg = Debug|Any CPU
		{DD626F6E-2487-41A7-8D97-B3F673EC117B}.Release|Mac.ActiveCfg = Release|Any CPU
		{DD626F6E-2487-41A7-8D97-B3F673EC117B}.Release|Mac.Build.0 = Release|Any CPU
		{DD626F6E-2487-41A7-8D97-B3F673EC117B}.Release|Windows.ActiveCfg = Release|Any CPU
		{FD97E2D4-5D8E-46F8-B952-1A2B2E07BA1B}.Debug|Mac.ActiveCfg = Debug|Any CPU
		{FD97E2D4-5D8E-46F8-B952-1A2B2E07BA1B}.Debug|Mac.Build.0 = Debug|Any CPU
		{FD97E2D4-5D8E-46F8-B952-1A2B2E07BA1B}.Debug|Windows.ActiveCfg = Debug|Any CPU
		{FD97E2D4-5D8E-46F8-B952-1A2B2E07BA1B}.Debug|Windows.Build.0 = Debug|Any CPU
		{FD97E2D4-5D8E-46F8-B952-1A2B2E07BA1B}.Release|Mac.ActiveCfg = Release|Any CPU
		{FD97E2D4-5D8E-46F8-B952-1A2B2E07BA1B}.Release|Mac.Build.0 = Release|Any CPU
		{FD97E2D4-5D8E-46F8-B952-1A2B2E07BA1B}.Release|Windows.ActiveCfg = Release|Any CPU
		{FD97E2D4-5D8E-46F8-B952-1A2B2E07BA1B}.Release|Windows.Build.0 = Release|Any CPU
		{D9C153E4-6D38-4B4F-8BEE-6C9938D99CE2}.Debug|Mac.ActiveCfg = Debug|Any CPU
		{D9C153E4-6D38-4B4F-8BEE-6C9938D99CE2}.Debug|Mac.Build.0 = Debug|Any CPU
		{D9C153E4-6D38-4B4F-8BEE-6C9938D99CE2}.Debug|Windows.ActiveCfg = Debug|Any CPU
		{D9C153E4-6D38-4B4F-8BEE-6C9938D99CE2}.Debug|Windows.Build.0 = Debug|Any CPU
		{D9C153E4-6D38-4B4F-8BEE-6C9938D99CE2}.Release|Mac.ActiveCfg = Release|Any CPU
		{D9C153E4-6D38-4B4F-8BEE-6C9938D99CE2}.Release|Mac.Build.0 = Release|Any CPU
		{D9C153E4-6D38-4B4F-8BEE-6C9938D99CE2}.Release|Windows.ActiveCfg = Release|Any CPU
		{D9C153E4-6D38-4B4F-8BEE-6C9938D99CE2}.Release|Windows.Build.0 = Release|Any CPU
		{9AEA3FBB-2199-46CC-BD67-FE5A9D4681BB}.Debug|Mac.ActiveCfg = Debug|Any CPU
		{9AEA3FBB-2199-46CC-BD67-FE5A9D4681BB}.Debug|Mac.Build.0 = Debug|Any CPU
		{9AEA3FBB-2199-46CC-BD67-FE5A9D4681BB}.Debug|Windows.ActiveCfg = Debug|Any CPU
		{9AEA3FBB-2199-46CC-BD67-FE5A9D4681BB}.Debug|Windows.Build.0 = Debug|Any CPU
		{9AEA3FBB-2199-46CC-BD67-FE5A9D4681BB}.Release|Mac.ActiveCfg = Release|Any CPU
		{9AEA3FBB-2199-46CC-BD67-FE5A9D4681BB}.Release|Mac.Build.0 = Release|Any CPU
		{9AEA3FBB-2199-46CC-BD67-FE5A9D4681BB}.Release|Windows.ActiveCfg = Release|Any CPU
		{9AEA3FBB-2199-46CC-BD67-FE5A9D4681BB}.Release|Windows.Build.0 = Release|Any CPU
		{CBC22717-A7E5-428A-97E0-30D5C71737DC}.Debug|Mac.ActiveCfg = Debug|Any CPU
		{CBC22717-A7E5-428A-97E0-30D5C71737DC}.Debug|Windows.ActiveCfg = Debug|Any CPU
		{CBC22717-A7E5-428A-97E0-30D5C71737DC}.Debug|Windows.Build.0 = Debug|Any CPU
		{CBC22717-A7E5-428A-97E0-30D5C71737DC}.Release|Mac.ActiveCfg = Release|Any CPU
		{CBC22717-A7E5-428A-97E0-30D5C71737DC}.Release|Windows.ActiveCfg = Release|Any CPU
		{CBC22717-A7E5-428A-97E0-30D5C71737DC}.Release|Windows.Build.0 = Release|Any CPU
		{364EDFB1-8C1A-46B1-A9F7-B9D7F9417E55}.Debug|Mac.ActiveCfg = Debug|Any CPU
		{364EDFB1-8C1A-46B1-A9F7-B9D7F9417E55}.Debug|Mac.Build.0 = Debug|Any CPU
		{364EDFB1-8C1A-46B1-A9F7-B9D7F9417E55}.Debug|Windows.ActiveCfg = Debug|Any CPU
		{364EDFB1-8C1A-46B1-A9F7-B9D7F9417E55}.Debug|Windows.Build.0 = Debug|Any CPU
		{364EDFB1-8C1A-46B1-A9F7-B9D7F9417E55}.Release|Mac.ActiveCfg = Release|Any CPU
		{364EDFB1-8C1A-46B1-A9F7-B9D7F9417E55}.Release|Mac.Build.0 = Release|Any CPU
		{364EDFB1-8C1A-46B1-A9F7-B9D7F9417E55}.Release|Windows.ActiveCfg = Release|Any CPU
		{364EDFB1-8C1A-46B1-A9F7-B9D7F9417E55}.Release|Windows.Build.0 = Release|Any CPU
		{F9D593CA-8448-466D-BC47-A1753E3949FD}.Debug|Mac.ActiveCfg = Debug|Any CPU
		{F9D593CA-8448-466D-BC47-A1753E3949FD}.Debug|Mac.Build.0 = Debug|Any CPU
		{F9D593CA-8448-466D-BC47-A1753E3949FD}.Debug|Windows.ActiveCfg = Debug|Any CPU
		{F9D593CA-8448-466D-BC47-A1753E3949FD}.Debug|Windows.Build.0 = Debug|Any CPU
		{F9D593CA-8448-466D-BC47-A1753E3949FD}.Release|Mac.ActiveCfg = Release|Any CPU
		{F9D593CA-8448-466D-BC47-A1753E3949FD}.Release|Mac.Build.0 = Release|Any CPU
		{F9D593CA-8448-466D-BC47-A1753E3949FD}.Release|Windows.ActiveCfg = Release|Any CPU
		{F9D593CA-8448-466D-BC47-A1753E3949FD}.Release|Windows.Build.0 = Release|Any CPU
		{B5D415B5-22D9-44C9-888A-26301E76AE99}.Debug|Mac.ActiveCfg = Debug|Any CPU
		{B5D415B5-22D9-44C9-888A-26301E76AE99}.Debug|Mac.Build.0 = Debug|Any CPU
		{B5D415B5-22D9-44C9-888A-26301E76AE99}.Debug|Windows.ActiveCfg = Debug|Any CPU
		{B5D415B5-22D9-44C9-888A-26301E76AE99}.Release|Mac.ActiveCfg = Release|Any CPU
		{B5D415B5-22D9-44C9-888A-26301E76AE99}.Release|Mac.Build.0 = Release|Any CPU
		{B5D415B5-22D9-44C9-888A-26301E76AE99}.Release|Windows.ActiveCfg = Release|Any CPU
		{6E2E7041-9E81-4B7D-BE9D-A3796954871D}.Debug|Mac.ActiveCfg = Debug|Any CPU
		{6E2E7041-9E81-4B7D-BE9D-A3796954871D}.Debug|Mac.Build.0 = Debug|Any CPU
		{6E2E7041-9E81-4B7D-BE9D-A3796954871D}.Debug|Windows.ActiveCfg = Debug|Any CPU
		{6E2E7041-9E81-4B7D-BE9D-A3796954871D}.Debug|Windows.Build.0 = Debug|Any CPU
		{6E2E7041-9E81-4B7D-BE9D-A3796954871D}.Release|Mac.ActiveCfg = Release|Any CPU
		{6E2E7041-9E81-4B7D-BE9D-A3796954871D}.Release|Mac.Build.0 = Release|Any CPU
		{6E2E7041-9E81-4B7D-BE9D-A3796954871D}.Release|Windows.ActiveCfg = Release|Any CPU
		{6E2E7041-9E81-4B7D-BE9D-A3796954871D}.Release|Windows.Build.0 = Release|Any CPU
		{3076C3F6-4313-47DD-8CB2-C1B1A617FC6A}.Debug|Mac.ActiveCfg = Debug|Any CPU
		{3076C3F6-4313-47DD-8CB2-C1B1A617FC6A}.Debug|Mac.Build.0 = Debug|Any CPU
		{3076C3F6-4313-47DD-8CB2-C1B1A617FC6A}.Debug|Windows.ActiveCfg = Debug|Any CPU
		{3076C3F6-4313-47DD-8CB2-C1B1A617FC6A}.Debug|Windows.Build.0 = Debug|Any CPU
		{3076C3F6-4313-47DD-8CB2-C1B1A617FC6A}.Release|Mac.ActiveCfg = Release|Any CPU
		{3076C3F6-4313-47DD-8CB2-C1B1A617FC6A}.Release|Mac.Build.0 = Release|Any CPU
		{3076C3F6-4313-47DD-8CB2-C1B1A617FC6A}.Release|Windows.ActiveCfg = Release|Any CPU
		{3076C3F6-4313-47DD-8CB2-C1B1A617FC6A}.Release|Windows.Build.0 = Release|Any CPU
		{CBCB2F2F-0BCF-4B0B-8AAC-85891FDDCEEE}.Debug|Mac.ActiveCfg = Debug|Any CPU
		{CBCB2F2F-0BCF-4B0B-8AAC-85891FDDCEEE}.Debug|Mac.Build.0 = Debug|Any CPU
		{CBCB2F2F-0BCF-4B0B-8AAC-85891FDDCEEE}.Debug|Windows.ActiveCfg = Debug|Any CPU
		{CBCB2F2F-0BCF-4B0B-8AAC-85891FDDCEEE}.Debug|Windows.Build.0 = Debug|Any CPU
		{CBCB2F2F-0BCF-4B0B-8AAC-85891FDDCEEE}.Release|Mac.ActiveCfg = Release|Any CPU
		{CBCB2F2F-0BCF-4B0B-8AAC-85891FDDCEEE}.Release|Mac.Build.0 = Release|Any CPU
		{CBCB2F2F-0BCF-4B0B-8AAC-85891FDDCEEE}.Release|Windows.ActiveCfg = Release|Any CPU
		{CBCB2F2F-0BCF-4B0B-8AAC-85891FDDCEEE}.Release|Windows.Build.0 = Release|Any CPU
		{9E9C86EE-7E14-4E98-93EA-6CC8F54DC663}.Debug|Mac.ActiveCfg = Debug|Any CPU
		{9E9C86EE-7E14-4E98-93EA-6CC8F54DC663}.Debug|Mac.Build.0 = Debug|Any CPU
		{9E9C86EE-7E14-4E98-93EA-6CC8F54DC663}.Debug|Windows.ActiveCfg = Debug|Any CPU
		{9E9C86EE-7E14-4E98-93EA-6CC8F54DC663}.Debug|Windows.Build.0 = Debug|Any CPU
		{9E9C86EE-7E14-4E98-93EA-6CC8F54DC663}.Release|Mac.ActiveCfg = Release|Any CPU
		{9E9C86EE-7E14-4E98-93EA-6CC8F54DC663}.Release|Mac.Build.0 = Release|Any CPU
		{9E9C86EE-7E14-4E98-93EA-6CC8F54DC663}.Release|Windows.ActiveCfg = Release|Any CPU
		{9E9C86EE-7E14-4E98-93EA-6CC8F54DC663}.Release|Windows.Build.0 = Release|Any CPU
		{60C90DC5-E674-4368-9DC5-9734D215588D}.Debug|Mac.ActiveCfg = Debug|Any CPU
		{60C90DC5-E674-4368-9DC5-9734D215588D}.Debug|Windows.ActiveCfg = Debug|Any CPU
		{60C90DC5-E674-4368-9DC5-9734D215588D}.Debug|Windows.Build.0 = Debug|Any CPU
		{60C90DC5-E674-4368-9DC5-9734D215588D}.Release|Mac.ActiveCfg = Release|Any CPU
		{60C90DC5-E674-4368-9DC5-9734D215588D}.Release|Windows.ActiveCfg = Release|Any CPU
		{60C90DC5-E674-4368-9DC5-9734D215588D}.Release|Windows.Build.0 = Release|Any CPU
	EndGlobalSection
	GlobalSection(SolutionProperties) = preSolution
		HideSolutionNode = FALSE
	EndGlobalSection
	GlobalSection(NestedProjects) = preSolution
		{9AC91936-41E2-4481-980E-80FF089FEB8A} = {646F64B2-57A5-4096-854F-F83D981AF1E8}
		{160DE3A8-EDD5-4256-9433-87DAEC4CF259} = {646F64B2-57A5-4096-854F-F83D981AF1E8}
		{2BF83FDA-9BFF-4A1E-8C58-1EAC435DEED6} = {646F64B2-57A5-4096-854F-F83D981AF1E8}
		{810B1BCD-8E09-4F69-8726-B6ED91E243E7} = {646F64B2-57A5-4096-854F-F83D981AF1E8}
		{DD626F6E-2487-41A7-8D97-B3F673EC117B} = {646F64B2-57A5-4096-854F-F83D981AF1E8}
		{FD97E2D4-5D8E-46F8-B952-1A2B2E07BA1B} = {646F64B2-57A5-4096-854F-F83D981AF1E8}
		{D9C153E4-6D38-4B4F-8BEE-6C9938D99CE2} = {C5C9E1F4-B112-4BDE-A589-722E87D63962}
		{9AEA3FBB-2199-46CC-BD67-FE5A9D4681BB} = {C5C9E1F4-B112-4BDE-A589-722E87D63962}
		{CBC22717-A7E5-428A-97E0-30D5C71737DC} = {C5C9E1F4-B112-4BDE-A589-722E87D63962}
		{364EDFB1-8C1A-46B1-A9F7-B9D7F9417E55} = {C5C9E1F4-B112-4BDE-A589-722E87D63962}
		{F9D593CA-8448-466D-BC47-A1753E3949FD} = {C5C9E1F4-B112-4BDE-A589-722E87D63962}
		{B5D415B5-22D9-44C9-888A-26301E76AE99} = {C5C9E1F4-B112-4BDE-A589-722E87D63962}
		{6E2E7041-9E81-4B7D-BE9D-A3796954871D} = {AEA85D35-82E6-4863-B54C-4B6EE89D9234}
		{3076C3F6-4313-47DD-8CB2-C1B1A617FC6A} = {AEA85D35-82E6-4863-B54C-4B6EE89D9234}
		{CBCB2F2F-0BCF-4B0B-8AAC-85891FDDCEEE} = {AEA85D35-82E6-4863-B54C-4B6EE89D9234}
		{9E9C86EE-7E14-4E98-93EA-6CC8F54DC663} = {AEA85D35-82E6-4863-B54C-4B6EE89D9234}
		{60C90DC5-E674-4368-9DC5-9734D215588D} = {646F64B2-57A5-4096-854F-F83D981AF1E8}
	EndGlobalSection
	GlobalSection(ExtensibilityGlobals) = postSolution
		SolutionGuid = {B290EE1E-3782-4C57-A127-FD078514CD8C}
	EndGlobalSection
EndGlobal
